{
  "version": "5",
  "specifiers": {
    "npm:@sentry/deno@8": "8.55.2"
  },
  "npm": {
    "@sentry/core@8.55.2": {
      "integrity": "sha512-YlEBwybUcOQ/KjMHDmof1vwweVnBtBxYlQp7DE3fOdtW4pqqdHWTnTntQs4VgYfxzjJYgtkd9LHlGtg8qy+JVQ=="
    },
    "@sentry/deno@8.55.2": {
      "integrity": "sha512-IR0gmxsPq1pLFvF5Airqh53N52YHILuTisE8zr5sFCktun7Z0SlJqnpXwaj2hW111Pg61f3ttizzPi7LSy5igg==",
      "dependencies": [
        "@sentry/core"
      ]
    }
  },
  "workspace": {
    "dependencies": [
      "jsr:@supabase/functions-js@2",
      "npm:@sentry/deno@8",
      "npm:@supabase/server@1",
      "npm:@supabase/supabase-js@2"
    ]
  }
}
